
Microsoft Visual Studio Solution File, Format Version 12.00
# Visual Studio Version 17
VisualStudioVersion = 17.4.33403.182
MinimumVisualStudioVersion = 10.0.40219.1
Project("{FAE04EC0-301F-11D3-BF4B-00C04F79EFBC}") = "APIPersona", "APIPersona\APIPersona.csproj", "{F9DB04E2-E3B4-47EB-AEA7-48DF4B9E1FCB}"
EndProject
Project("{FAE04EC0-301F-11D3-BF4B-00C04F79EFBC}") = "app.domain", "app.domain\app.domain.csproj", "{291DE7E1-DA53-4E0E-B899-A54B1AB01CCE}"
EndProject
Project("{FAE04EC0-301F-11D3-BF4B-00C04F79EFBC}") = "app.repository", "app.repository\app.repository.csproj", "{6D01BF5C-07C6-4CC7-B837-481FF1B98F03}"
EndProject
Project("{FAE04EC0-301F-11D3-BF4B-00C04F79EFBC}") = "app.logic", "app.logic\app.logic.csproj", "{C29FF4FF-4BA6-438C-9BEF-F64C043C8363}"
EndProject
Global
	GlobalSection(SolutionConfigurationPlatforms) = preSolution
		Debug|Any CPU = Debug|Any CPU
		Release|Any CPU = Release|Any CPU
	EndGlobalSection
	GlobalSection(ProjectConfigurationPlatforms) = postSolution
		{F9DB04E2-E3B4-47EB-AEA7-48DF4B9E1FCB}.Debug|Any CPU.ActiveCfg = Debug|Any CPU
		{F9DB04E2-E3B4-47EB-AEA7-48DF4B9E1FCB}.Debug|Any CPU.Build.0 = Debug|Any CPU
		{F9DB04E2-E3B4-47EB-AEA7-48DF4B9E1FCB}.Release|Any CPU.ActiveCfg = Release|Any CPU
		{F9DB04E2-E3B4-47EB-AEA7-48DF4B9E1FCB}.Release|Any CPU.Build.0 = Release|Any CPU
		{291DE7E1-DA53-4E0E-B899-A54B1AB01CCE}.Debug|Any CPU.ActiveCfg = Debug|Any CPU
		{291DE7E1-DA53-4E0E-B899-A54B1AB01CCE}.Debug|Any CPU.Build.0 = Debug|Any CPU
		{291DE7E1-DA53-4E0E-B899-A54B1AB01CCE}.Release|Any CPU.ActiveCfg = Release|Any CPU
		{291DE7E1-DA53-4E0E-B899-A54B1AB01CCE}.Release|Any CPU.Build.0 = Release|Any CPU
		{6D01BF5C-07C6-4CC7-B837-481FF1B98F03}.Debug|Any CPU.ActiveCfg = Debug|Any CPU
		{6D01BF5C-07C6-4CC7-B837-481FF1B98F03}.Debug|Any CPU.Build.0 = Debug|Any CPU
		{6D01BF5C-07C6-4CC7-B837-481FF1B98F03}.Release|Any CPU.ActiveCfg = Release|Any CPU
		{6D01BF5C-07C6-4CC7-B837-481FF1B98F03}.Release|Any CPU.Build.0 = Release|Any CPU
		{C29FF4FF-4BA6-438C-9BEF-F64C043C8363}.Debug|Any CPU.ActiveCfg = Debug|Any CPU
		{C29FF4FF-4BA6-438C-9BEF-F64C043C8363}.Debug|Any CPU.Build.0 = Debug|Any CPU
		{C29FF4FF-4BA6-438C-9BEF-F64C043C8363}.Release|Any CPU.ActiveCfg = Release|Any CPU
		{C29FF4FF-4BA6-438C-9BEF-F64C043C8363}.Release|Any CPU.Build.0 = Release|Any CPU
	EndGlobalSection
	GlobalSection(SolutionProperties) = preSolution
		HideSolutionNode = FALSE
	EndGlobalSection
	GlobalSection(ExtensibilityGlobals) = postSolution
		SolutionGuid = {7F4DC872-0467-401D-8F67-BC19EBBE839E}
	EndGlobalSection
EndGlobal
